// !$*UTF8*$!
{
	archiveVersion = 1;
	classes = {
	};
	objectVersion = 51;
	objects = {

/* Begin PBXBuildFile section */
		6615558D25E2CE15008510ED /* LazyImageView.swift in Sources */ = {isa = PBXBuildFile; fileRef = 6615558C25E2CE15008510ED /* LazyImageView.swift */; };
		66B8536825DD8E39007EBB79 /* AppDelegate.swift in Sources */ = {isa = PBXBuildFile; fileRef = 66B8536725DD8E39007EBB79 /* AppDelegate.swift */; };
		66B8536A25DD8E39007EBB79 /* SceneDelegate.swift in Sources */ = {isa = PBXBuildFile; fileRef = 66B8536925DD8E39007EBB79 /* SceneDelegate.swift */; };
		66B8536F25DD8E39007EBB79 /* Main.storyboard in Resources */ = {isa = PBXBuildFile; fileRef = 66B8536D25DD8E39007EBB79 /* Main.storyboard */; };
		66B8537125DD8E3B007EBB79 /* Assets.xcassets in Resources */ = {isa = PBXBuildFile; fileRef = 66B8537025DD8E3B007EBB79 /* Assets.xcassets */; };
		66B8537425DD8E3B007EBB79 /* LaunchScreen.storyboard in Resources */ = {isa = PBXBuildFile; fileRef = 66B8537225DD8E3B007EBB79 /* LaunchScreen.storyboard */; };
		66B8539B25DDC975007EBB79 /* HomePage.swift in Sources */ = {isa = PBXBuildFile; fileRef = 66B8539A25DDC975007EBB79 /* HomePage.swift */; };
		66B853A425DDCB41007EBB79 /* CollectionViewCell.swift in Sources */ = {isa = PBXBuildFile; fileRef = 66B853A325DDCB41007EBB79 /* CollectionViewCell.swift */; };
		66B853AC25DDD2AA007EBB79 /* CategoriesTableViewCell.swift in Sources */ = {isa = PBXBuildFile; fileRef = 66B853AB25DDD2AA007EBB79 /* CategoriesTableViewCell.swift */; };
		66B853B425DF15A1007EBB79 /* MovieList.swift in Sources */ = {isa = PBXBuildFile; fileRef = 66B853B325DF15A1007EBB79 /* MovieList.swift */; };
		66B853BA25DF1AE7007EBB79 /* DataStore.swift in Sources */ = {isa = PBXBuildFile; fileRef = 66B853B925DF1AE7007EBB79 /* DataStore.swift */; };
		66B853E325E06136007EBB79 /* SectionType.swift in Sources */ = {isa = PBXBuildFile; fileRef = 66B853E225E06133007EBB79 /* SectionType.swift */; };
		66B853F225E198E5007EBB79 /* DetailPage.swift in Sources */ = {isa = PBXBuildFile; fileRef = 66B853F125E198E5007EBB79 /* DetailPage.swift */; };
		66B8541025E2A254007EBB79 /* Collection.swift in Sources */ = {isa = PBXBuildFile; fileRef = 66B8540F25E2A253007EBB79 /* Collection.swift */; };
		8CCC319611A68CD656D0268C /* Pods_MoviesCatalog.framework in Frameworks */ = {isa = PBXBuildFile; fileRef = 153B8869010B9D7DCBFCEDC0 /* Pods_MoviesCatalog.framework */; };
/* End PBXBuildFile section */

/* Begin PBXFileReference section */
		153B8869010B9D7DCBFCEDC0 /* Pods_MoviesCatalog.framework */ = {isa = PBXFileReference; explicitFileType = wrapper.framework; includeInIndex = 0; path = Pods_MoviesCatalog.framework; sourceTree = BUILT_PRODUCTS_DIR; };
		44AC5BD857DCDD62BE4DB850 /* Pods-MoviesCatalog.debug.xcconfig */ = {isa = PBXFileReference; includeInIndex = 1; lastKnownFileType = text.xcconfig; name = "Pods-MoviesCatalog.debug.xcconfig"; path = "Target Support Files/Pods-MoviesCatalog/Pods-MoviesCatalog.debug.xcconfig"; sourceTree = "<group>"; };
		6615558C25E2CE15008510ED /* LazyImageView.swift */ = {isa = PBXFileReference; lastKnownFileType = sourcecode.swift; path = LazyImageView.swift; sourceTree = "<group>"; };
		66B8536425DD8E39007EBB79 /* MoviesCatalog.app */ = {isa = PBXFileReference; explicitFileType = wrapper.application; includeInIndex = 0; path = MoviesCatalog.app; sourceTree = BUILT_PRODUCTS_DIR; };
		66B8536725DD8E39007EBB79 /* AppDelegate.swift */ = {isa = PBXFileReference; lastKnownFileType = sourcecode.swift; path = AppDelegate.swift; sourceTree = "<group>"; };
		66B8536925DD8E39007EBB79 /* SceneDelegate.swift */ = {isa = PBXFileReference; lastKnownFileType = sourcecode.swift; path = SceneDelegate.swift; sourceTree = "<group>"; };
		66B8536E25DD8E39007EBB79 /* Base */ = {isa = PBXFileReference; lastKnownFileType = file.storyboard; name = Base; path = Base.lproj/Main.storyboard; sourceTree = "<group>"; };
		66B8537025DD8E3B007EBB79 /* Assets.xcassets */ = {isa = PBXFileReference; lastKnownFileType = folder.assetcatalog; path = Assets.xcassets; sourceTree = "<group>"; };
		66B8537325DD8E3B007EBB79 /* Base */ = {isa = PBXFileReference; lastKnownFileType = file.storyboard; name = Base; path = Base.lproj/LaunchScreen.storyboard; sourceTree = "<group>"; };
		66B8537525DD8E3B007EBB79 /* Info.plist */ = {isa = PBXFileReference; lastKnownFileType = text.plist.xml; path = Info.plist; sourceTree = "<group>"; };
		66B8539A25DDC975007EBB79 /* HomePage.swift */ = {isa = PBXFileReference; lastKnownFileType = sourcecode.swift; path = HomePage.swift; sourceTree = "<group>"; };
		66B853A325DDCB41007EBB79 /* CollectionViewCell.swift */ = {isa = PBXFileReference; lastKnownFileType = sourcecode.swift; path = CollectionViewCell.swift; sourceTree = "<group>"; };
		66B853AB25DDD2AA007EBB79 /* CategoriesTableViewCell.swift */ = {isa = PBXFileReference; lastKnownFileType = sourcecode.swift; path = CategoriesTableViewCell.swift; sourceTree = "<group>"; };
		66B853B325DF15A1007EBB79 /* MovieList.swift */ = {isa = PBXFileReference; lastKnownFileType = sourcecode.swift; path = MovieList.swift; sourceTree = "<group>"; };
		66B853B925DF1AE7007EBB79 /* DataStore.swift */ = {isa = PBXFileReference; lastKnownFileType = sourcecode.swift; path = DataStore.swift; sourceTree = "<group>"; };
		66B853E225E06133007EBB79 /* SectionType.swift */ = {isa = PBXFileReference; lastKnownFileType = sourcecode.swift; path = SectionType.swift; sourceTree = "<group>"; };
		66B853F125E198E5007EBB79 /* DetailPage.swift */ = {isa = PBXFileReference; lastKnownFileType = sourcecode.swift; path = DetailPage.swift; sourceTree = "<group>"; };
		66B8540F25E2A253007EBB79 /* Collection.swift */ = {isa = PBXFileReference; lastKnownFileType = sourcecode.swift; path = Collection.swift; sourceTree = "<group>"; };
		77FAA50523F14758D8AB3D1A /* Pods-MoviesCatalog.release.xcconfig */ = {isa = PBXFileReference; includeInIndex = 1; lastKnownFileType = text.xcconfig; name = "Pods-MoviesCatalog.release.xcconfig"; path = "Target Support Files/Pods-MoviesCatalog/Pods-MoviesCatalog.release.xcconfig"; sourceTree = "<group>"; };
/* End PBXFileReference section */

/* Begin PBXFrameworksBuildPhase section */
		66B8536125DD8E39007EBB79 /* Frameworks */ = {
			isa = PBXFrameworksBuildPhase;
			buildActionMask = 2147483647;
			files = (
				8CCC319611A68CD656D0268C /* Pods_MoviesCatalog.framework in Frameworks */,
			);
			runOnlyForDeploymentPostprocessing = 0;
		};
/* End PBXFrameworksBuildPhase section */

/* Begin PBXGroup section */
		353AA20600C02C1F0848BF40 /* Pods */ = {
			isa = PBXGroup;
			children = (
				44AC5BD857DCDD62BE4DB850 /* Pods-MoviesCatalog.debug.xcconfig */,
				77FAA50523F14758D8AB3D1A /* Pods-MoviesCatalog.release.xcconfig */,
			);
			path = Pods;
			sourceTree = "<group>";
		};
		66B8535B25DD8E39007EBB79 = {
			isa = PBXGroup;
			children = (
				66B8536625DD8E39007EBB79 /* MoviesCatalog */,
				66B8536525DD8E39007EBB79 /* Products */,
				353AA20600C02C1F0848BF40 /* Pods */,
				6A10AE49CF4DA04360C2EA7E /* Frameworks */,
			);
			sourceTree = "<group>";
		};
		66B8536525DD8E39007EBB79 /* Products */ = {
			isa = PBXGroup;
			children = (
				66B8536425DD8E39007EBB79 /* MoviesCatalog.app */,
			);
			name = Products;
			sourceTree = "<group>";
		};
		66B8536625DD8E39007EBB79 /* MoviesCatalog */ = {
			isa = PBXGroup;
			children = (
				66B853B825DF1AD0007EBB79 /* Store */,
				66B853B225DF1527007EBB79 /* Model */,
				66B853B725DF1A84007EBB79 /* View */,
				66B8537C25DD94EE007EBB79 /* Controller */,
				66B8536725DD8E39007EBB79 /* AppDelegate.swift */,
				66B8536925DD8E39007EBB79 /* SceneDelegate.swift */,
				66B8537525DD8E3B007EBB79 /* Info.plist */,
			);
			path = MoviesCatalog;
			sourceTree = "<group>";
		};
		66B8537C25DD94EE007EBB79 /* Controller */ = {
			isa = PBXGroup;
			children = (
				66B8539A25DDC975007EBB79 /* HomePage.swift */,
				66B853AB25DDD2AA007EBB79 /* CategoriesTableViewCell.swift */,
				66B853A325DDCB41007EBB79 /* CollectionViewCell.swift */,
				66B853F125E198E5007EBB79 /* DetailPage.swift */,
			);
			path = Controller;
			sourceTree = "<group>";
		};
		66B853B225DF1527007EBB79 /* Model */ = {
			isa = PBXGroup;
			children = (
				66B853B325DF15A1007EBB79 /* MovieList.swift */,
				66B853E225E06133007EBB79 /* SectionType.swift */,
			);
			path = Model;
			sourceTree = "<group>";
		};
		66B853B725DF1A84007EBB79 /* View */ = {
			isa = PBXGroup;
			children = (
				66B8536D25DD8E39007EBB79 /* Main.storyboard */,
				66B8537025DD8E3B007EBB79 /* Assets.xcassets */,
				66B8537225DD8E3B007EBB79 /* LaunchScreen.storyboard */,
				6615558C25E2CE15008510ED /* LazyImageView.swift */,
			);
			path = View;
			sourceTree = "<group>";
		};
		66B853B825DF1AD0007EBB79 /* Store */ = {
			isa = PBXGroup;
			children = (
				66B853B925DF1AE7007EBB79 /* DataStore.swift */,
				66B8540F25E2A253007EBB79 /* Collection.swift */,
			);
			path = Store;
			sourceTree = "<group>";
		};
		6A10AE49CF4DA04360C2EA7E /* Frameworks */ = {
			isa = PBXGroup;
			children = (
				153B8869010B9D7DCBFCEDC0 /* Pods_MoviesCatalog.framework */,
			);
			name = Frameworks;
			sourceTree = "<group>";
		};
/* End PBXGroup section */

/* Begin PBXNativeTarget section */
		66B8536325DD8E39007EBB79 /* MoviesCatalog */ = {
			isa = PBXNativeTarget;
			buildConfigurationList = 66B8537825DD8E3B007EBB79 /* Build configuration list for PBXNativeTarget "MoviesCatalog" */;
			buildPhases = (
				A8998D7CC221389A2E94EC8C /* [CP] Check Pods Manifest.lock */,
				66B8536025DD8E39007EBB79 /* Sources */,
				66B8536125DD8E39007EBB79 /* Frameworks */,
				66B8536225DD8E39007EBB79 /* Resources */,
				8CD08372AE0514AC770E7859 /* [CP] Embed Pods Frameworks */,
			);
			buildRules = (
			);
			dependencies = (
			);
			name = MoviesCatalog;
			productName = MoviesCatalog;
			productReference = 66B8536425DD8E39007EBB79 /* MoviesCatalog.app */;
			productType = "com.apple.product-type.application";
		};
/* End PBXNativeTarget section */

/* Begin PBXProject section */
		66B8535C25DD8E39007EBB79 /* Project object */ = {
			isa = PBXProject;
			attributes = {
				LastSwiftUpdateCheck = 1220;
				LastUpgradeCheck = 1220;
				TargetAttributes = {
					66B8536325DD8E39007EBB79 = {
						CreatedOnToolsVersion = 12.2;
					};
				};
			};
			buildConfigurationList = 66B8535F25DD8E39007EBB79 /* Build configuration list for PBXProject "MoviesCatalog" */;
			compatibilityVersion = "Xcode 9.3";
			developmentRegion = en;
			hasScannedForEncodings = 0;
			knownRegions = (
				en,
				Base,
			);
			mainGroup = 66B8535B25DD8E39007EBB79;
			productRefGroup = 66B8536525DD8E39007EBB79 /* Products */;
			projectDirPath = "";
			projectRoot = "";
			targets = (
				66B8536325DD8E39007EBB79 /* MoviesCatalog */,
			);
		};
/* End PBXProject section */

/* Begin PBXResourcesBuildPhase section */
		66B8536225DD8E39007EBB79 /* Resources */ = {
			isa = PBXResourcesBuildPhase;
			buildActionMask = 2147483647;
			files = (
				66B8537425DD8E3B007EBB79 /* LaunchScreen.storyboard in Resources */,
				66B8537125DD8E3B007EBB79 /* Assets.xcassets in Resources */,
				66B8536F25DD8E39007EBB79 /* Main.storyboard in Resources */,
			);
			runOnlyForDeploymentPostprocessing = 0;
		};
/* End PBXResourcesBuildPhase section */

/* Begin PBXShellScriptBuildPhase section */
		8CD08372AE0514AC770E7859 /* [CP] Embed Pods Frameworks */ = {
			isa = PBXShellScriptBuildPhase;
			buildActionMask = 2147483647;
			files = (
			);
			inputFileListPaths = (
				"${PODS_ROOT}/Target Support Files/Pods-MoviesCatalog/Pods-MoviesCatalog-frameworks-${CONFIGURATION}-input-files.xcfilelist",
			);
			name = "[CP] Embed Pods Frameworks";
			outputFileListPaths = (
				"${PODS_ROOT}/Target Support Files/Pods-MoviesCatalog/Pods-MoviesCatalog-frameworks-${CONFIGURATION}-output-files.xcfilelist",
			);
			runOnlyForDeploymentPostprocessing = 0;
			shellPath = /bin/sh;
			shellScript = "\"${PODS_ROOT}/Target Support Files/Pods-MoviesCatalog/Pods-MoviesCatalog-frameworks.sh\"\n";
			showEnvVarsInLog = 0;
		};
		A8998D7CC221389A2E94EC8C /* [CP] Check Pods Manifest.lock */ = {
			isa = PBXShellScriptBuildPhase;
			buildActionMask = 2147483647;
			files = (
			);
			inputFileListPaths = (
			);
			inputPaths = (
				"${PODS_PODFILE_DIR_PATH}/Podfile.lock",
				"${PODS_ROOT}/Manifest.lock",
			);
			name = "[CP] Check Pods Manifest.lock";
			outputFileListPaths = (
			);
			outputPaths = (
				"$(DERIVED_FILE_DIR)/Pods-MoviesCatalog-checkManifestLockResult.txt",
			);
			runOnlyForDeploymentPostprocessing = 0;
			shellPath = /bin/sh;
			shellScript = "diff \"${PODS_PODFILE_DIR_PATH}/Podfile.lock\" \"${PODS_ROOT}/Manifest.lock\" > /dev/null\nif [ $? != 0 ] ; then\n    # print error to STDERR\n    echo \"error: The sandbox is not in sync with the Podfile.lock. Run 'pod install' or update your CocoaPods installation.\" >&2\n    exit 1\nfi\n# This output is used by Xcode 'outputs' to avoid re-running this script phase.\necho \"SUCCESS\" > \"${SCRIPT_OUTPUT_FILE_0}\"\n";
			showEnvVarsInLog = 0;
		};
/* End PBXShellScriptBuildPhase section */

/* Begin PBXSourcesBuildPhase section */
		66B8536025DD8E39007EBB79 /* Sources */ = {
			isa = PBXSourcesBuildPhase;
			buildActionMask = 2147483647;
			files = (
				66B8539B25DDC975007EBB79 /* HomePage.swift in Sources */,
				66B8541025E2A254007EBB79 /* Collection.swift in Sources */,
				66B853AC25DDD2AA007EBB79 /* CategoriesTableViewCell.swift in Sources */,
				66B8536825DD8E39007EBB79 /* AppDelegate.swift in Sources */,
				66B853E325E06136007EBB79 /* SectionType.swift in Sources */,
				66B8536A25DD8E39007EBB79 /* SceneDelegate.swift in Sources */,
				6615558D25E2CE15008510ED /* LazyImageView.swift in Sources */,
				66B853A425DDCB41007EBB79 /* CollectionViewCell.swift in Sources */,
				66B853F225E198E5007EBB79 /* DetailPage.swift in Sources */,
				66B853B425DF15A1007EBB79 /* MovieList.swift in Sources */,
				66B853BA25DF1AE7007EBB79 /* DataStore.swift in Sources */,
			);
			runOnlyForDeploymentPostprocessing = 0;
		};
/* End PBXSourcesBuildPhase section */

/* Begin PBXVariantGroup section */
		66B8536D25DD8E39007EBB79 /* Main.storyboard */ = {
			isa = PBXVariantGroup;
			children = (
				66B8536E25DD8E39007EBB79 /* Base */,
			);
			name = Main.storyboard;
			sourceTree = "<group>";
		};
		66B8537225DD8E3B007EBB79 /* LaunchScreen.storyboard */ = {
			isa = PBXVariantGroup;
			children = (
				66B8537325DD8E3B007EBB79 /* Base */,
			);
			name = LaunchScreen.storyboard;
			sourceTree = "<group>";
		};
/* End PBXVariantGroup section */

/* Begin XCBuildConfiguration section */
		66B8537625DD8E3B007EBB79 /* Debug */ = {
			isa = XCBuildConfiguration;
			buildSettings = {
				ALWAYS_SEARCH_USER_PATHS = NO;
				CLANG_ANALYZER_NONNULL = YES;
				CLANG_ANALYZER_NUMBER_OBJECT_CONVERSION = YES_AGGRESSIVE;
				CLANG_CXX_LANGUAGE_STANDARD = "gnu++14";
				CLANG_CXX_LIBRARY = "libc++";
				CLANG_ENABLE_MODULES = YES;
				CLANG_ENABLE_OBJC_ARC = YES;
				CLANG_ENABLE_OBJC_WEAK = YES;
				CLANG_WARN_BLOCK_CAPTURE_AUTORELEASING = YES;
				CLANG_WARN_BOOL_CONVERSION = YES;
				CLANG_WARN_COMMA = YES;
				CLANG_WARN_CONSTANT_CONVERSION = YES;
				CLANG_WARN_DEPRECATED_OBJC_IMPLEMENTATIONS = YES;
				CLANG_WARN_DIRECT_OBJC_ISA_USAGE = YES_ERROR;
				CLANG_WARN_DOCUMENTATION_COMMENTS = YES;
				CLANG_WARN_EMPTY_BODY = YES;
				CLANG_WARN_ENUM_CONVERSION = YES;
				CLANG_WARN_INFINITE_RECURSION = YES;
				CLANG_WARN_INT_CONVERSION = YES;
				CLANG_WARN_NON_LITERAL_NULL_CONVERSION = YES;
				CLANG_WARN_OBJC_IMPLICIT_RETAIN_SELF = YES;
				CLANG_WARN_OBJC_LITERAL_CONVERSION = YES;
				CLANG_WARN_OBJC_ROOT_CLASS = YES_ERROR;
				CLANG_WARN_QUOTED_INCLUDE_IN_FRAMEWORK_HEADER = YES;
				CLANG_WARN_RANGE_LOOP_ANALYSIS = YES;
				CLANG_WARN_STRICT_PROTOTYPES = YES;
				CLANG_WARN_SUSPICIOUS_MOVE = YES;
				CLANG_WARN_UNGUARDED_AVAILABILITY = YES_AGGRESSIVE;
				CLANG_WARN_UNREACHABLE_CODE = YES;
				CLANG_WARN__DUPLICATE_METHOD_MATCH = YES;
				COPY_PHASE_STRIP = NO;
				DEBUG_INFORMATION_FORMAT = dwarf;
				ENABLE_STRICT_OBJC_MSGSEND = YES;
				ENABLE_TESTABILITY = YES;
				GCC_C_LANGUAGE_STANDARD = gnu11;
				GCC_DYNAMIC_NO_PIC = NO;
				GCC_NO_COMMON_BLOCKS = YES;
				GCC_OPTIMIZATION_LEVEL = 0;
				GCC_PREPROCESSOR_DEFINITIONS = (
					"DEBUG=1",
					"$(inherited)",
				);
				GCC_WARN_64_TO_32_BIT_CONVERSION = YES;
				GCC_WARN_ABOUT_RETURN_TYPE = YES_ERROR;
				GCC_WARN_UNDECLARED_SELECTOR = YES;
				GCC_WARN_UNINITIALIZED_AUTOS = YES_AGGRESSIVE;
				GCC_WARN_UNUSED_FUNCTION = YES;
				GCC_WARN_UNUSED_VARIABLE = YES;
				IPHONEOS_DEPLOYMENT_TARGET = 14.2;
				MTL_ENABLE_DEBUG_INFO = INCLUDE_SOURCE;
				MTL_FAST_MATH = YES;
				ONLY_ACTIVE_ARCH = YES;
				SDKROOT = iphoneos;
				SWIFT_ACTIVE_COMPILATION_CONDITIONS = DEBUG;
				SWIFT_OPTIMIZATION_LEVEL = "-Onone";
			};
			name = Debug;
		};
		66B8537725DD8E3B007EBB79 /* Release */ = {
			isa = XCBuildConfiguration;
			buildSettings = {
				ALWAYS_SEARCH_USER_PATHS = NO;
				CLANG_ANALYZER_NONNULL = YES;
				CLANG_ANALYZER_NUMBER_OBJECT_CONVERSION = YES_AGGRESSIVE;
				CLANG_CXX_LANGUAGE_STANDARD = "gnu++14";
				CLANG_CXX_LIBRARY = "libc++";
				CLANG_ENABLE_MODULES = YES;
				CLANG_ENABLE_OBJC_ARC = YES;
				CLANG_ENABLE_OBJC_WEAK = YES;
				CLANG_WARN_BLOCK_CAPTURE_AUTORELEASING = YES;
				CLANG_WARN_BOOL_CONVERSION = YES;
				CLANG_WARN_COMMA = YES;
				CLANG_WARN_CONSTANT_CONVERSION = YES;
				CLANG_WARN_DEPRECATED_OBJC_IMPLEMENTATIONS = YES;
				CLANG_WARN_DIRECT_OBJC_ISA_USAGE = YES_ERROR;
				CLANG_WARN_DOCUMENTATION_COMMENTS = YES;
				CLANG_WARN_EMPTY_BODY = YES;
				CLANG_WARN_ENUM_CONVERSION = YES;
				CLANG_WARN_INFINITE_RECURSION = YES;
				CLANG_WARN_INT_CONVERSION = YES;
				CLANG_WARN_NON_LITERAL_NULL_CONVERSION = YES;
				CLANG_WARN_OBJC_IMPLICIT_RETAIN_SELF = YES;
				CLANG_WARN_OBJC_LITERAL_CONVERSION = YES;
				CLANG_WARN_OBJC_ROOT_CLASS = YES_ERROR;
				CLANG_WARN_QUOTED_INCLUDE_IN_FRAMEWORK_HEADER = YES;
				CLANG_WARN_RANGE_LOOP_ANALYSIS = YES;
				CLANG_WARN_STRICT_PROTOTYPES = YES;
				CLANG_WARN_SUSPICIOUS_MOVE = YES;
				CLANG_WARN_UNGUARDED_AVAILABILITY = YES_AGGRESSIVE;
				CLANG_WARN_UNREACHABLE_CODE = YES;
				CLANG_WARN__DUPLICATE_METHOD_MATCH = YES;
				COPY_PHASE_STRIP = NO;
				DEBUG_INFORMATION_FORMAT = "dwarf-with-dsym";
				ENABLE_NS_ASSERTIONS = NO;
				ENABLE_STRICT_OBJC_MSGSEND = YES;
				GCC_C_LANGUAGE_STANDARD = gnu11;
				GCC_NO_COMMON_BLOCKS = YES;
				GCC_WARN_64_TO_32_BIT_CONVERSION = YES;
				GCC_WARN_ABOUT_RETURN_TYPE = YES_ERROR;
				GCC_WARN_UNDECLARED_SELECTOR = YES;
				GCC_WARN_UNINITIALIZED_AUTOS = YES_AGGRESSIVE;
				GCC_WARN_UNUSED_FUNCTION = YES;
				GCC_WARN_UNUSED_VARIABLE = YES;
				IPHONEOS_DEPLOYMENT_TARGET = 14.2;
				MTL_ENABLE_DEBUG_INFO = NO;
				MTL_FAST_MATH = YES;
				SDKROOT = iphoneos;
				SWIFT_COMPILATION_MODE = wholemodule;
				SWIFT_OPTIMIZATION_LEVEL = "-O";
				VALIDATE_PRODUCT = YES;
			};
			name = Release;
		};
		66B8537925DD8E3B007EBB79 /* Debug */ = {
			isa = XCBuildConfiguration;
			baseConfigurationReference = 44AC5BD857DCDD62BE4DB850 /* Pods-MoviesCatalog.debug.xcconfig */;
			buildSettings = {
				ASSETCATALOG_COMPILER_APPICON_NAME = AppIcon;
				ASSETCATALOG_COMPILER_GLOBAL_ACCENT_COLOR_NAME = AccentColor;
				CODE_SIGN_STYLE = Automatic;
				DEVELOPMENT_TEAM = 72N2689J99;
				INFOPLIST_FILE = MoviesCatalog/Info.plist;
				LD_RUNPATH_SEARCH_PATHS = (
					"$(inherited)",
					"@executable_path/Frameworks",
				);
				PRODUCT_BUNDLE_IDENTIFIER = com.study.zeynep.MoviesCatalog;
				PRODUCT_NAME = "$(TARGET_NAME)";
				SWIFT_VERSION = 5.0;
				TARGETED_DEVICE_FAMILY = "1,2";
			};
			name = Debug;
		};
		66B8537A25DD8E3B007EBB79 /* Release */ = {
			isa = XCBuildConfiguration;
			baseConfigurationReference = 77FAA50523F14758D8AB3D1A /* Pods-MoviesCatalog.release.xcconfig */;
			buildSettings = {
				ASSETCATALOG_COMPILER_APPICON_NAME = AppIcon;
				ASSETCATALOG_COMPILER_GLOBAL_ACCENT_COLOR_NAME = AccentColor;
				CODE_SIGN_STYLE = Automatic;
				DEVELOPMENT_TEAM = 72N2689J99;
				INFOPLIST_FILE = MoviesCatalog/Info.plist;
				LD_RUNPATH_SEARCH_PATHS = (
					"$(inherited)",
					"@executable_path/Frameworks",
				);
				PRODUCT_BUNDLE_IDENTIFIER = com.study.zeynep.MoviesCatalog;
				PRODUCT_NAME = "$(TARGET_NAME)";
				SWIFT_VERSION = 5.0;
				TARGETED_DEVICE_FAMILY = "1,2";
			};
			name = Release;
		};
/* End XCBuildConfiguration section */

/* Begin XCConfigurationList section */
		66B8535F25DD8E39007EBB79 /* Build configuration list for PBXProject "MoviesCatalog" */ = {
			isa = XCConfigurationList;
			buildConfigurations = (
				66B8537625DD8E3B007EBB79 /* Debug */,
				66B8537725DD8E3B007EBB79 /* Release */,
			);
			defaultConfigurationIsVisible = 0;
			defaultConfigurationName = Release;
		};
		66B8537825DD8E3B007EBB79 /* Build configuration list for PBXNativeTarget "MoviesCatalog" */ = {
			isa = XCConfigurationList;
			buildConfigurations = (
				66B8537925DD8E3B007EBB79 /* Debug */,
				66B8537A25DD8E3B007EBB79 /* Release */,
			);
			defaultConfigurationIsVisible = 0;
			defaultConfigurationName = Release;
		};
/* End XCConfigurationList section */
	};
	rootObject = 66B8535C25DD8E39007EBB79 /* Project object */;
}
